{
  "name": "validate",
  "version": "0.0.0",
  "lockfileVersion": 2,
  "requires": true,
  "packages": {
    "": {
      "name": "validate",
      "version": "0.0.0",
      "dependencies": {
        "@rdfjs/parser-n3": "^1.1.4",
        "rdf-ext": "^1.3.5",
        "rdf-validate-shacl": "^0.4.4"
      }
    },
    "node_modules/@rdfjs/data-model": {
      "version": "1.3.4",
      "resolved": "https://registry.npmjs.org/@rdfjs/data-model/-/data-model-1.3.4.tgz",
      "integrity": "sha512-iKzNcKvJotgbFDdti7GTQDCYmL7GsGldkYStiP0K8EYtN7deJu5t7U11rKTz+nR7RtesUggT+lriZ7BakFv8QQ==",
      "dependencies": {
        "@rdfjs/types": ">=1.0.1"
      },
      "bin": {
        "rdfjs-data-model-test": "bin/test.js"
      }
    },
    "node_modules/@rdfjs/dataset": {
      "version": "1.1.1",
      "resolved": "https://registry.npmjs.org/@rdfjs/dataset/-/dataset-1.1.1.tgz",
      "integrity": "sha512-BNwCSvG0cz0srsG5esq6CQKJc1m8g/M0DZpLuiEp0MMpfwguXX7VeS8TCg4UUG3DV/DqEvhy83ZKSEjdsYseeA==",
      "dependencies": {
        "@rdfjs/data-model": "^1.2.0"
      },
      "bin": {
        "rdfjs-dataset-test": "bin/test.js"
      }
    },
    "node_modules/@rdfjs/namespace": {
      "version": "1.1.0",
      "resolved": "https://registry.npmjs.org/@rdfjs/namespace/-/namespace-1.1.0.tgz",
      "integrity": "sha512-utO5rtaOKxk8B90qzaQ0N+J5WrCI28DtfAY/zExCmXE7cOfC5uRI/oMKbLaVEPj2P7uArekt/T4IPATtj7Tjug==",
      "dependencies": {
        "@rdfjs/data-model": "^1.1.0"
      },
      "engines": {
        "node": ">=6"
      }
    },
    "node_modules/@rdfjs/parser-n3": {
      "version": "1.1.4",
      "resolved": "https://registry.npmjs.org/@rdfjs/parser-n3/-/parser-n3-1.1.4.tgz",
      "integrity": "sha512-PUKSNlfD2Zq3GcQZuOF2ndfrLbc+N96FUe2gNIzARlR2er0BcOHBHEFUJvVGg1Xmsg3hVKwfg0nwn1JZ7qKKMw==",
      "dependencies": {
        "@rdfjs/data-model": "^1.0.1",
        "@rdfjs/sink": "^1.0.2",
        "n3": "^1.3.5",
        "readable-stream": "^3.6.0",
        "readable-to-readable": "^0.1.0"
      }
    },
    "node_modules/@rdfjs/sink": {
      "version": "1.0.3",
      "resolved": "https://registry.npmjs.org/@rdfjs/sink/-/sink-1.0.3.tgz",
      "integrity": "sha512-2KfYa8mAnptRNeogxhQqkWNXqfYVWO04jQThtXKepySrIwYmz83+WlevQtA4VDLFe+kFd2TwgL29ekPe5XVUfA==",
      "engines": {
        "node": ">=6"
      }
    },
    "node_modules/@rdfjs/term-set": {
      "version": "1.1.0",
      "resolved": "https://registry.npmjs.org/@rdfjs/term-set/-/term-set-1.1.0.tgz",
      "integrity": "sha512-QQ4yzVe1Rvae/GN9SnOhweHNpaxQtnAjeOVciP/yJ0Gfxtbphy2tM56ZsRLV04Qq5qMcSclZIe6irYyEzx/UwQ==",
      "dependencies": {
        "@rdfjs/to-ntriples": "^2.0.0"
      }
    },
    "node_modules/@rdfjs/to-ntriples": {
      "version": "2.0.0",
      "resolved": "https://registry.npmjs.org/@rdfjs/to-ntriples/-/to-ntriples-2.0.0.tgz",
      "integrity": "sha512-nDhpfhx6W6HKsy4HjyLp3H1nbrX1CiUCWhWQwKcYZX1s9GOjcoQTwY7GUUbVec0hzdJDQBR6gnjxtENBDt482Q=="
    },
    "node_modules/@rdfjs/types": {
      "version": "1.1.0",
      "resolved": "https://registry.npmjs.org/@rdfjs/types/-/types-1.1.0.tgz",
      "integrity": "sha512-5zm8bN2/CC634dTcn/0AhTRLaQRjXDZs3QfcAsQKNturHT7XVWcKy/8p3P5gXl+YkZTAmy7T5M/LyiT/jbkENw==",
      "dependencies": {
        "@types/node": "*"
      }
    },
    "node_modules/@types/node": {
      "version": "17.0.41",
      "resolved": "https://registry.npmjs.org/@types/node/-/node-17.0.41.tgz",
      "integrity": "sha512-xA6drNNeqb5YyV5fO3OAEsnXLfO7uF0whiOfPTz5AeDo8KeZFmODKnvwPymMNO8qE/an8pVY/O50tig2SQCrGw=="
    },
    "node_modules/clownface": {
      "version": "1.5.1",
      "resolved": "https://registry.npmjs.org/clownface/-/clownface-1.5.1.tgz",
      "integrity": "sha512-Ko8N/UFsnhEGmPlyE1bUFhbRhVgDbxqlIjcqxtLysc4dWaY0A7iCdg3savhAxs7Lheb7FCygIyRh7ADYZWVIng==",
      "dependencies": {
        "@rdfjs/data-model": "^1.1.0",
        "@rdfjs/namespace": "^1.0.0"
      }
    },
    "node_modules/debug": {
      "version": "4.3.4",
      "resolved": "https://registry.npmjs.org/debug/-/debug-4.3.4.tgz",
      "integrity": "sha512-PRWFHuSU3eDtQJPvnNY7Jcket1j0t5OuOsFzPPzsekD52Zl8qUfFIPEiswXqIvHWGVHOgX+7G/vCNNhehwxfkQ==",
      "dependencies": {
        "ms": "2.1.2"
      },
      "engines": {
        "node": ">=6.0"
      },
      "peerDependenciesMeta": {
        "supports-color": {
          "optional": true
        }
      }
    },
    "node_modules/inherits": {
      "version": "2.0.4",
      "resolved": "https://registry.npmjs.org/inherits/-/inherits-2.0.4.tgz",
      "integrity": "sha512-k/vGaX4/Yla3WzyMCvTQOXYeIHvqOKtnqBduzTHpzpQZzAskKMhZ2K+EnBiSM9zGSoIFeMpXKxa4dYeZIQqewQ=="
    },
    "node_modules/ms": {
      "version": "2.1.2",
      "resolved": "https://registry.npmjs.org/ms/-/ms-2.1.2.tgz",
      "integrity": "sha512-sGkPx+VjMtmA6MX27oA4FBFELFCZZ4S4XqeGOXCv68tT+jb3vk/RyaKWP0PTKyWtmLSM0b+adUTEvbs1PEaH2w=="
    },
    "node_modules/n3": {
      "version": "1.16.2",
      "resolved": "https://registry.npmjs.org/n3/-/n3-1.16.2.tgz",
      "integrity": "sha512-5vYa2HuNEJ+a26FEs4FGgfFLgaPOODaZpJlc7FS0eUjDumc4uK0cvx216PjKXBkLzmAsSqGgQPwqztcLLvwDsw==",
      "dependencies": {
        "queue-microtask": "^1.1.2",
        "readable-stream": "^3.6.0"
      },
      "engines": {
        "node": ">=8.0"
      }
    },
    "node_modules/queue-microtask": {
      "version": "1.2.3",
      "resolved": "https://registry.npmjs.org/queue-microtask/-/queue-microtask-1.2.3.tgz",
      "integrity": "sha512-NuaNSa6flKT5JaSYQzJok04JzTL1CA6aGhv5rfLW3PgqA+M2ChpZQnAC8h8i4ZFkBS8X5RqkDBHA7r4hej3K9A==",
      "funding": [
        {
          "type": "github",
          "url": "https://github.com/sponsors/feross"
        },
        {
          "type": "patreon",
          "url": "https://www.patreon.com/feross"
        },
        {
          "type": "consulting",
          "url": "https://feross.org/support"
        }
      ]
    },
    "node_modules/rdf-data-factory": {
      "version": "1.1.0",
      "resolved": "https://registry.npmjs.org/rdf-data-factory/-/rdf-data-factory-1.1.0.tgz",
      "integrity": "sha512-g8feOVZ/KL1OK2Pco/jDBDFh4m29QDsOOD+rWloG9qFvIzRFchGy2CviLUX491E0ByewXxMpaq/A3zsWHQA16A==",
      "dependencies": {
        "@rdfjs/types": "*"
      }
    },
    "node_modules/rdf-ext": {
      "version": "1.3.5",
      "resolved": "https://registry.npmjs.org/rdf-ext/-/rdf-ext-1.3.5.tgz",
      "integrity": "sha512-LS/waItwp5aGY9Ay7y147HxWLIaSvw4r172S995aGwVkvg0KwUA0NY8w61p/LoFdQ4V6mzxQdVoRN6x/6OaK0w==",
      "dependencies": {
        "@rdfjs/data-model": "^1.3.3",
        "@rdfjs/dataset": "^1.1.1",
        "@rdfjs/to-ntriples": "^1.0.1",
        "rdf-normalize": "^1.0.0",
        "readable-stream": "^3.6.0"
      }
    },
    "node_modules/rdf-ext/node_modules/@rdfjs/to-ntriples": {
      "version": "1.0.2",
      "resolved": "https://registry.npmjs.org/@rdfjs/to-ntriples/-/to-ntriples-1.0.2.tgz",
      "integrity": "sha512-ngw5XAaGHjgGiwWWBPGlfdCclHftonmbje5lMys4G2j4NvfExraPIuRZgjSnd5lg4dnulRVUll8tRbgKO+7EDA==",
      "engines": {
        "node": ">=6"
      }
    },
    "node_modules/rdf-literal": {
      "version": "1.3.0",
      "resolved": "https://registry.npmjs.org/rdf-literal/-/rdf-literal-1.3.0.tgz",
      "integrity": "sha512-5u5L4kPYNZANie5AE4gCXqwpNO/p9E/nUcDurk05XAOJT/pt9rQlDk6+BX7j3dNSee3h9GS4xlLoWxQDj7sXtg==",
      "dependencies": {
        "@rdfjs/types": "*",
        "rdf-data-factory": "^1.1.0"
      }
    },
    "node_modules/rdf-normalize": {
      "version": "1.0.0",
      "resolved": "https://registry.npmjs.org/rdf-normalize/-/rdf-normalize-1.0.0.tgz",
      "integrity": "sha512-1ocjoxovKc4+AyS4Tgtroay5R33yrtM2kQnAGvVaB0iGSRggukHxMJW0y8xTR7TwKZabS+7oMSQNMdbu/qTtCQ=="
    },
    "node_modules/rdf-validate-datatype": {
      "version": "0.1.4",
      "resolved": "https://registry.npmjs.org/rdf-validate-datatype/-/rdf-validate-datatype-0.1.4.tgz",
      "integrity": "sha512-NA2Nv2mf3nGDr9eaefHfSkaTEDh68PPPbylgvXXeAxoU5uKCP1siJjIRzeVD2+IfUfNqTCUrO6F/6Os0YVLFiw==",
      "dependencies": {
        "@rdfjs/namespace": "^1.1.0",
        "@rdfjs/to-ntriples": "^1.0.2"
      },
      "engines": {
        "node": ">=10.4"
      }
    },
    "node_modules/rdf-validate-datatype/node_modules/@rdfjs/to-ntriples": {
      "version": "1.0.2",
      "resolved": "https://registry.npmjs.org/@rdfjs/to-ntriples/-/to-ntriples-1.0.2.tgz",
      "integrity": "sha512-ngw5XAaGHjgGiwWWBPGlfdCclHftonmbje5lMys4G2j4NvfExraPIuRZgjSnd5lg4dnulRVUll8tRbgKO+7EDA==",
      "engines": {
        "node": ">=6"
      }
    },
    "node_modules/rdf-validate-shacl": {
      "version": "0.4.4",
      "resolved": "https://registry.npmjs.org/rdf-validate-shacl/-/rdf-validate-shacl-0.4.4.tgz",
      "integrity": "sha512-LuayoHFEN0VYv2YASBaHW2cAQVkFZS9FHZYY1QZPq0NmNQPff6v0vLWqnX32T2zPpz0CXu5I/iRrfsnO9nSL5A==",
      "dependencies": {
        "@rdfjs/dataset": "^1.1.1",
        "@rdfjs/namespace": "^1.0.0",
        "@rdfjs/term-set": "^1.1.0",
        "clownface": "^1.4.0",
        "debug": "^4.3.2",
        "rdf-literal": "^1.3.0",
        "rdf-validate-datatype": "^0.1.4"
      }
    },
    "node_modules/readable-stream": {
      "version": "3.6.0",
      "resolved": "https://registry.npmjs.org/readable-stream/-/readable-stream-3.6.0.tgz",
      "integrity": "sha512-BViHy7LKeTz4oNnkcLJ+lVSL6vpiFeX6/d3oSH8zCW7UxP2onchk+vTGB143xuFjHS3deTgkKoXXymXqymiIdA==",
      "dependencies": {
        "inherits": "^2.0.3",
        "string_decoder": "^1.1.1",
        "util-deprecate": "^1.0.1"
      },
      "engines": {
        "node": ">= 6"
      }
    },
    "node_modules/readable-to-readable": {
      "version": "0.1.3",
      "resolved": "https://registry.npmjs.org/readable-to-readable/-/readable-to-readable-0.1.3.tgz",
      "integrity": "sha512-G+0kz01xJM/uTuItKcqC73cifW8S6CZ7tp77NLN87lE5mrSU+GC8geoSAlfmp0NocmXckQ7W8s8ns73HYsIA3w==",
      "dependencies": {
        "readable-stream": "^3.6.0"
      }
    },
    "node_modules/safe-buffer": {
      "version": "5.2.1",
      "resolved": "https://registry.npmjs.org/safe-buffer/-/safe-buffer-5.2.1.tgz",
      "integrity": "sha512-rp3So07KcdmmKbGvgaNxQSJr7bGVSVk5S9Eq1F+ppbRo70+YeaDxkw5Dd8NPN+GD6bjnYm2VuPuCXmpuYvmCXQ==",
      "funding": [
        {
          "type": "github",
          "url": "https://github.com/sponsors/feross"
        },
        {
          "type": "patreon",
          "url": "https://www.patreon.com/feross"
        },
        {
          "type": "consulting",
          "url": "https://feross.org/support"
        }
      ]
    },
    "node_modules/string_decoder": {
      "version": "1.3.0",
      "resolved": "https://registry.npmjs.org/string_decoder/-/string_decoder-1.3.0.tgz",
      "integrity": "sha512-hkRX8U1WjJFd8LsDJ2yQ/wWWxaopEsABU1XfkM8A+j0+85JAGppt16cr1Whg6KIbb4okU6Mql6BOj+uup/wKeA==",
      "dependencies": {
        "safe-buffer": "~5.2.0"
      }
    },
    "node_modules/util-deprecate": {
      "version": "1.0.2",
      "resolved": "https://registry.npmjs.org/util-deprecate/-/util-deprecate-1.0.2.tgz",
      "integrity": "sha1-RQ1Nyfpw3nMnYvvS1KKJgUGaDM8="
    }
  },
  "dependencies": {
    "@rdfjs/data-model": {
      "version": "1.3.4",
      "resolved": "https://registry.npmjs.org/@rdfjs/data-model/-/data-model-1.3.4.tgz",
      "integrity": "sha512-iKzNcKvJotgbFDdti7GTQDCYmL7GsGldkYStiP0K8EYtN7deJu5t7U11rKTz+nR7RtesUggT+lriZ7BakFv8QQ==",
      "requires": {
        "@rdfjs/types": ">=1.0.1"
      }
    },
    "@rdfjs/dataset": {
      "version": "1.1.1",
      "resolved": "https://registry.npmjs.org/@rdfjs/dataset/-/dataset-1.1.1.tgz",
      "integrity": "sha512-BNwCSvG0cz0srsG5esq6CQKJc1m8g/M0DZpLuiEp0MMpfwguXX7VeS8TCg4UUG3DV/DqEvhy83ZKSEjdsYseeA==",
      "requires": {
        "@rdfjs/data-model": "^1.2.0"
      }
    },
    "@rdfjs/namespace": {
      "version": "1.1.0",
      "resolved": "https://registry.npmjs.org/@rdfjs/namespace/-/namespace-1.1.0.tgz",
      "integrity": "sha512-utO5rtaOKxk8B90qzaQ0N+J5WrCI28DtfAY/zExCmXE7cOfC5uRI/oMKbLaVEPj2P7uArekt/T4IPATtj7Tjug==",
      "requires": {
        "@rdfjs/data-model": "^1.1.0"
      }
    },
    "@rdfjs/parser-n3": {
      "version": "1.1.4",
      "resolved": "https://registry.npmjs.org/@rdfjs/parser-n3/-/parser-n3-1.1.4.tgz",
      "integrity": "sha512-PUKSNlfD2Zq3GcQZuOF2ndfrLbc+N96FUe2gNIzARlR2er0BcOHBHEFUJvVGg1Xmsg3hVKwfg0nwn1JZ7qKKMw==",
      "requires": {
        "@rdfjs/data-model": "^1.0.1",
        "@rdfjs/sink": "^1.0.2",
        "n3": "^1.3.5",
        "readable-stream": "^3.6.0",
        "readable-to-readable": "^0.1.0"
      }
    },
    "@rdfjs/sink": {
      "version": "1.0.3",
      "resolved": "https://registry.npmjs.org/@rdfjs/sink/-/sink-1.0.3.tgz",
      "integrity": "sha512-2KfYa8mAnptRNeogxhQqkWNXqfYVWO04jQThtXKepySrIwYmz83+WlevQtA4VDLFe+kFd2TwgL29ekPe5XVUfA=="
    },
    "@rdfjs/term-set": {
      "version": "1.1.0",
      "resolved": "https://registry.npmjs.org/@rdfjs/term-set/-/term-set-1.1.0.tgz",
      "integrity": "sha512-QQ4yzVe1Rvae/GN9SnOhweHNpaxQtnAjeOVciP/yJ0Gfxtbphy2tM56ZsRLV04Qq5qMcSclZIe6irYyEzx/UwQ==",
      "requires": {
        "@rdfjs/to-ntriples": "^2.0.0"
      }
    },
    "@rdfjs/to-ntriples": {
      "version": "2.0.0",
      "resolved": "https://registry.npmjs.org/@rdfjs/to-ntriples/-/to-ntriples-2.0.0.tgz",
      "integrity": "sha512-nDhpfhx6W6HKsy4HjyLp3H1nbrX1CiUCWhWQwKcYZX1s9GOjcoQTwY7GUUbVec0hzdJDQBR6gnjxtENBDt482Q=="
    },
    "@rdfjs/types": {
      "version": "1.1.0",
      "resolved": "https://registry.npmjs.org/@rdfjs/types/-/types-1.1.0.tgz",
      "integrity": "sha512-5zm8bN2/CC634dTcn/0AhTRLaQRjXDZs3QfcAsQKNturHT7XVWcKy/8p3P5gXl+YkZTAmy7T5M/LyiT/jbkENw==",
      "requires": {
        "@types/node": "*"
      }
    },
    "@types/node": {
      "version": "17.0.41",
      "resolved": "https://registry.npmjs.org/@types/node/-/node-17.0.41.tgz",
      "integrity": "sha512-xA6drNNeqb5YyV5fO3OAEsnXLfO7uF0whiOfPTz5AeDo8KeZFmODKnvwPymMNO8qE/an8pVY/O50tig2SQCrGw=="
    },
    "clownface": {
      "version": "1.5.1",
      "resolved": "https://registry.npmjs.org/clownface/-/clownface-1.5.1.tgz",
      "integrity": "sha512-Ko8N/UFsnhEGmPlyE1bUFhbRhVgDbxqlIjcqxtLysc4dWaY0A7iCdg3savhAxs7Lheb7FCygIyRh7ADYZWVIng==",
      "requires": {
        "@rdfjs/data-model": "^1.1.0",
        "@rdfjs/namespace": "^1.0.0"
      }
    },
    "debug": {
      "version": "4.3.4",
      "resolved": "https://registry.npmjs.org/debug/-/debug-4.3.4.tgz",
      "integrity": "sha512-PRWFHuSU3eDtQJPvnNY7Jcket1j0t5OuOsFzPPzsekD52Zl8qUfFIPEiswXqIvHWGVHOgX+7G/vCNNhehwxfkQ==",
      "requires": {
        "ms": "2.1.2"
      }
    },
    "inherits": {
      "version": "2.0.4",
      "resolved": "https://registry.npmjs.org/inherits/-/inherits-2.0.4.tgz",
      "integrity": "sha512-k/vGaX4/Yla3WzyMCvTQOXYeIHvqOKtnqBduzTHpzpQZzAskKMhZ2K+EnBiSM9zGSoIFeMpXKxa4dYeZIQqewQ=="
    },
    "ms": {
      "version": "2.1.2",
      "resolved": "https://registry.npmjs.org/ms/-/ms-2.1.2.tgz",
      "integrity": "sha512-sGkPx+VjMtmA6MX27oA4FBFELFCZZ4S4XqeGOXCv68tT+jb3vk/RyaKWP0PTKyWtmLSM0b+adUTEvbs1PEaH2w=="
    },
    "n3": {
      "version": "1.16.2",
      "resolved": "https://registry.npmjs.org/n3/-/n3-1.16.2.tgz",
      "integrity": "sha512-5vYa2HuNEJ+a26FEs4FGgfFLgaPOODaZpJlc7FS0eUjDumc4uK0cvx216PjKXBkLzmAsSqGgQPwqztcLLvwDsw==",
      "requires": {
        "queue-microtask": "^1.1.2",
        "readable-stream": "^3.6.0"
      }
    },
    "queue-microtask": {
      "version": "1.2.3",
      "resolved": "https://registry.npmjs.org/queue-microtask/-/queue-microtask-1.2.3.tgz",
      "integrity": "sha512-NuaNSa6flKT5JaSYQzJok04JzTL1CA6aGhv5rfLW3PgqA+M2ChpZQnAC8h8i4ZFkBS8X5RqkDBHA7r4hej3K9A=="
    },
    "rdf-data-factory": {
      "version": "1.1.0",
      "resolved": "https://registry.npmjs.org/rdf-data-factory/-/rdf-data-factory-1.1.0.tgz",
      "integrity": "sha512-g8feOVZ/KL1OK2Pco/jDBDFh4m29QDsOOD+rWloG9qFvIzRFchGy2CviLUX491E0ByewXxMpaq/A3zsWHQA16A==",
      "requires": {
        "@rdfjs/types": "*"
      }
    },
    "rdf-ext": {
      "version": "1.3.5",
      "resolved": "https://registry.npmjs.org/rdf-ext/-/rdf-ext-1.3.5.tgz",
      "integrity": "sha512-LS/waItwp5aGY9Ay7y147HxWLIaSvw4r172S995aGwVkvg0KwUA0NY8w61p/LoFdQ4V6mzxQdVoRN6x/6OaK0w==",
      "requires": {
        "@rdfjs/data-model": "^1.3.3",
        "@rdfjs/dataset": "^1.1.1",
        "@rdfjs/to-ntriples": "^1.0.1",
        "rdf-normalize": "^1.0.0",
        "readable-stream": "^3.6.0"
      },
      "dependencies": {
        "@rdfjs/to-ntriples": {
          "version": "1.0.2",
          "resolved": "https://registry.npmjs.org/@rdfjs/to-ntriples/-/to-ntriples-1.0.2.tgz",
          "integrity": "sha512-ngw5XAaGHjgGiwWWBPGlfdCclHftonmbje5lMys4G2j4NvfExraPIuRZgjSnd5lg4dnulRVUll8tRbgKO+7EDA=="
        }
      }
    },
    "rdf-literal": {
      "version": "1.3.0",
      "resolved": "https://registry.npmjs.org/rdf-literal/-/rdf-literal-1.3.0.tgz",
      "integrity": "sha512-5u5L4kPYNZANie5AE4gCXqwpNO/p9E/nUcDurk05XAOJT/pt9rQlDk6+BX7j3dNSee3h9GS4xlLoWxQDj7sXtg==",
      "requires": {
        "@rdfjs/types": "*",
        "rdf-data-factory": "^1.1.0"
      }
    },
    "rdf-normalize": {
      "version": "1.0.0",
      "resolved": "https://registry.npmjs.org/rdf-normalize/-/rdf-normalize-1.0.0.tgz",
      "integrity": "sha512-1ocjoxovKc4+AyS4Tgtroay5R33yrtM2kQnAGvVaB0iGSRggukHxMJW0y8xTR7TwKZabS+7oMSQNMdbu/qTtCQ=="
    },
    "rdf-validate-datatype": {
      "version": "0.1.4",
      "resolved": "https://registry.npmjs.org/rdf-validate-datatype/-/rdf-validate-datatype-0.1.4.tgz",
      "integrity": "sha512-NA2Nv2mf3nGDr9eaefHfSkaTEDh68PPPbylgvXXeAxoU5uKCP1siJjIRzeVD2+IfUfNqTCUrO6F/6Os0YVLFiw==",
      "requires": {
        "@rdfjs/namespace": "^1.1.0",
        "@rdfjs/to-ntriples": "^1.0.2"
      },
      "dependencies": {
        "@rdfjs/to-ntriples": {
          "version": "1.0.2",
          "resolved": "https://registry.npmjs.org/@rdfjs/to-ntriples/-/to-ntriples-1.0.2.tgz",
          "integrity": "sha512-ngw5XAaGHjgGiwWWBPGlfdCclHftonmbje5lMys4G2j4NvfExraPIuRZgjSnd5lg4dnulRVUll8tRbgKO+7EDA=="
        }
      }
    },
    "rdf-validate-shacl": {
      "version": "0.4.4",
      "resolved": "https://registry.npmjs.org/rdf-validate-shacl/-/rdf-validate-shacl-0.4.4.tgz",
      "integrity": "sha512-LuayoHFEN0VYv2YASBaHW2cAQVkFZS9FHZYY1QZPq0NmNQPff6v0vLWqnX32T2zPpz0CXu5I/iRrfsnO9nSL5A==",
      "requires": {
        "@rdfjs/dataset": "^1.1.1",
        "@rdfjs/namespace": "^1.0.0",
        "@rdfjs/term-set": "^1.1.0",
        "clownface": "^1.4.0",
        "debug": "^4.3.2",
        "rdf-literal": "^1.3.0",
        "rdf-validate-datatype": "^0.1.4"
      }
    },
    "readable-stream": {
      "version": "3.6.0",
      "resolved": "https://registry.npmjs.org/readable-stream/-/readable-stream-3.6.0.tgz",
      "integrity": "sha512-BViHy7LKeTz4oNnkcLJ+lVSL6vpiFeX6/d3oSH8zCW7UxP2onchk+vTGB143xuFjHS3deTgkKoXXymXqymiIdA==",
      "requires": {
        "inherits": "^2.0.3",
        "string_decoder": "^1.1.1",
        "util-deprecate": "^1.0.1"
      }
    },
    "readable-to-readable": {
      "version": "0.1.3",
      "resolved": "https://registry.npmjs.org/readable-to-readable/-/readable-to-readable-0.1.3.tgz",
      "integrity": "sha512-G+0kz01xJM/uTuItKcqC73cifW8S6CZ7tp77NLN87lE5mrSU+GC8geoSAlfmp0NocmXckQ7W8s8ns73HYsIA3w==",
      "requires": {
        "readable-stream": "^3.6.0"
      }
    },
    "safe-buffer": {
      "version": "5.2.1",
      "resolved": "https://registry.npmjs.org/safe-buffer/-/safe-buffer-5.2.1.tgz",
      "integrity": "sha512-rp3So07KcdmmKbGvgaNxQSJr7bGVSVk5S9Eq1F+ppbRo70+YeaDxkw5Dd8NPN+GD6bjnYm2VuPuCXmpuYvmCXQ=="
    },
    "string_decoder": {
      "version": "1.3.0",
      "resolved": "https://registry.npmjs.org/string_decoder/-/string_decoder-1.3.0.tgz",
      "integrity": "sha512-hkRX8U1WjJFd8LsDJ2yQ/wWWxaopEsABU1XfkM8A+j0+85JAGppt16cr1Whg6KIbb4okU6Mql6BOj+uup/wKeA==",
      "requires": {
        "safe-buffer": "~5.2.0"
      }
    },
    "util-deprecate": {
      "version": "1.0.2",
      "resolved": "https://registry.npmjs.org/util-deprecate/-/util-deprecate-1.0.2.tgz",
      "integrity": "sha1-RQ1Nyfpw3nMnYvvS1KKJgUGaDM8="
    }
  }
}
